
Microsoft Visual Studio Solution File, Format Version 12.00
# Visual Studio Version 16
VisualStudioVersion = 16.0.31424.327
MinimumVisualStudioVersion = 10.0.40219.1
Project("{9A19103F-16F7-4668-BE54-9A1E7A4F7556}") = "NoteTree", "NoteTree.csproj", "{015A0DA3-8D67-4AC2-84DA-4BBA5E3A8D23}"
EndProject
Project("{FAE04EC0-301F-11D3-BF4B-00C04F79EFBC}") = "NoteTreeTests", "..\NoteTreeTests\NoteTreeTests.csproj", "{78C5D0EA-DDF9-4E3E-B2C4-2A4C85845D9E}"
EndProject
Global
	GlobalSection(SolutionConfigurationPlatforms) = preSolution
		Debug|Any CPU = Debug|Any CPU
		Release|Any CPU = Release|Any CPU
	EndGlobalSection
	GlobalSection(ProjectConfigurationPlatforms) = postSolution
		{015A0DA3-8D67-4AC2-84DA-4BBA5E3A8D23}.Debug|Any CPU.ActiveCfg = Debug|Any CPU
		{015A0DA3-8D67-4AC2-84DA-4BBA5E3A8D23}.Debug|Any CPU.Build.0 = Debug|Any CPU
		{015A0DA3-8D67-4AC2-84DA-4BBA5E3A8D23}.Release|Any CPU.ActiveCfg = Release|Any CPU
		{015A0DA3-8D67-4AC2-84DA-4BBA5E3A8D23}.Release|Any CPU.Build.0 = Release|Any CPU
		{78C5D0EA-DDF9-4E3E-B2C4-2A4C85845D9E}.Debug|Any CPU.ActiveCfg = Debug|Any CPU
		{78C5D0EA-DDF9-4E3E-B2C4-2A4C85845D9E}.Debug|Any CPU.Build.0 = Debug|Any CPU
		{78C5D0EA-DDF9-4E3E-B2C4-2A4C85845D9E}.Release|Any CPU.ActiveCfg = Release|Any CPU
		{78C5D0EA-DDF9-4E3E-B2C4-2A4C85845D9E}.Release|Any CPU.Build.0 = Release|Any CPU
	EndGlobalSection
	GlobalSection(SolutionProperties) = preSolution
		HideSolutionNode = FALSE
	EndGlobalSection
	GlobalSection(ExtensibilityGlobals) = postSolution
		SolutionGuid = {2B1DA2C7-2E15-4E60-945E-613F53F40D4B}
	EndGlobalSection
EndGlobal
